// !$*UTF8*$!
{
	archiveVersion = 1;
	classes = {
	};
	objectVersion = 50;
	objects = {

/* Begin PBXBuildFile section */
		491327442250743500BF13CE /* MyTableViewCell.swift in Sources */ = {isa = PBXBuildFile; fileRef = 491327432250743400BF13CE /* MyTableViewCell.swift */; };
		491327462250813200BF13CE /* JsonArray.swift in Sources */ = {isa = PBXBuildFile; fileRef = 491327452250813200BF13CE /* JsonArray.swift */; };
		491327482250CFCF00BF13CE /* DetailsCountry.swift in Sources */ = {isa = PBXBuildFile; fileRef = 491327472250CFCF00BF13CE /* DetailsCountry.swift */; };
		4948FA4922505D6300804935 /* AppDelegate.swift in Sources */ = {isa = PBXBuildFile; fileRef = 4948FA4822505D6300804935 /* AppDelegate.swift */; };
		4948FA4B22505D6300804935 /* ViewController.swift in Sources */ = {isa = PBXBuildFile; fileRef = 4948FA4A22505D6300804935 /* ViewController.swift */; };
		4948FA4E22505D6400804935 /* Main.storyboard in Resources */ = {isa = PBXBuildFile; fileRef = 4948FA4C22505D6400804935 /* Main.storyboard */; };
		4948FA5122505D6500804935 /* countryApiDemo.xcdatamodeld in Sources */ = {isa = PBXBuildFile; fileRef = 4948FA4F22505D6400804935 /* countryApiDemo.xcdatamodeld */; };
		4948FA5322505D9500804935 /* Assets.xcassets in Resources */ = {isa = PBXBuildFile; fileRef = 4948FA5222505D9500804935 /* Assets.xcassets */; };
		4948FA5622505D9600804935 /* LaunchScreen.storyboard in Resources */ = {isa = PBXBuildFile; fileRef = 4948FA5422505D9600804935 /* LaunchScreen.storyboard */; };
/* End PBXBuildFile section */

/* Begin PBXFileReference section */
		491327432250743400BF13CE /* MyTableViewCell.swift */ = {isa = PBXFileReference; lastKnownFileType = sourcecode.swift; path = MyTableViewCell.swift; sourceTree = "<group>"; };
		491327452250813200BF13CE /* JsonArray.swift */ = {isa = PBXFileReference; lastKnownFileType = sourcecode.swift; path = JsonArray.swift; sourceTree = "<group>"; };
		491327472250CFCF00BF13CE /* DetailsCountry.swift */ = {isa = PBXFileReference; lastKnownFileType = sourcecode.swift; path = DetailsCountry.swift; sourceTree = "<group>"; };
		4948FA4522505D6200804935 /* countryApiDemo.app */ = {isa = PBXFileReference; explicitFileType = wrapper.application; includeInIndex = 0; path = countryApiDemo.app; sourceTree = BUILT_PRODUCTS_DIR; };
		4948FA4822505D6300804935 /* AppDelegate.swift */ = {isa = PBXFileReference; lastKnownFileType = sourcecode.swift; path = AppDelegate.swift; sourceTree = "<group>"; };
		4948FA4A22505D6300804935 /* ViewController.swift */ = {isa = PBXFileReference; lastKnownFileType = sourcecode.swift; path = ViewController.swift; sourceTree = "<group>"; };
		4948FA4D22505D6400804935 /* Base */ = {isa = PBXFileReference; lastKnownFileType = file.storyboard; name = Base; path = Base.lproj/Main.storyboard; sourceTree = "<group>"; };
		4948FA5022505D6400804935 /* countryApiDemo.xcdatamodel */ = {isa = PBXFileReference; lastKnownFileType = wrapper.xcdatamodel; path = countryApiDemo.xcdatamodel; sourceTree = "<group>"; };
		4948FA5222505D9500804935 /* Assets.xcassets */ = {isa = PBXFileReference; lastKnownFileType = folder.assetcatalog; path = Assets.xcassets; sourceTree = "<group>"; };
		4948FA5522505D9600804935 /* Base */ = {isa = PBXFileReference; lastKnownFileType = file.storyboard; name = Base; path = Base.lproj/LaunchScreen.storyboard; sourceTree = "<group>"; };
		4948FA5722505D9600804935 /* Info.plist */ = {isa = PBXFileReference; lastKnownFileType = text.plist.xml; path = Info.plist; sourceTree = "<group>"; };
/* End PBXFileReference section */

/* Begin PBXFrameworksBuildPhase section */
		4948FA4222505D5F00804935 /* Frameworks */ = {
			isa = PBXFrameworksBuildPhase;
			buildActionMask = 2147483647;
			files = (
			);
			runOnlyForDeploymentPostprocessing = 0;
		};
/* End PBXFrameworksBuildPhase section */

/* Begin PBXGroup section */
		4948FA3C22505D5B00804935 = {
			isa = PBXGroup;
			children = (
				4948FA4722505D6300804935 /* countryApiDemo */,
				4948FA4622505D6200804935 /* Products */,
			);
			sourceTree = "<group>";
		};
		4948FA4622505D6200804935 /* Products */ = {
			isa = PBXGroup;
			children = (
				4948FA4522505D6200804935 /* countryApiDemo.app */,
			);
			name = Products;
			sourceTree = "<group>";
		};
		4948FA4722505D6300804935 /* countryApiDemo */ = {
			isa = PBXGroup;
			children = (
				4948FA4822505D6300804935 /* AppDelegate.swift */,
				4948FA4A22505D6300804935 /* ViewController.swift */,
				4948FA4C22505D6400804935 /* Main.storyboard */,
				491327472250CFCF00BF13CE /* DetailsCountry.swift */,
				491327452250813200BF13CE /* JsonArray.swift */,
				491327432250743400BF13CE /* MyTableViewCell.swift */,
				4948FA5222505D9500804935 /* Assets.xcassets */,
				4948FA5422505D9600804935 /* LaunchScreen.storyboard */,
				4948FA5722505D9600804935 /* Info.plist */,
				4948FA4F22505D6400804935 /* countryApiDemo.xcdatamodeld */,
			);
			path = countryApiDemo;
			sourceTree = "<group>";
		};
/* End PBXGroup section */

/* Begin PBXNativeTarget section */
		4948FA4422505D5F00804935 /* countryApiDemo */ = {
			isa = PBXNativeTarget;
			buildConfigurationList = 4948FA5A22505D9600804935 /* Build configuration list for PBXNativeTarget "countryApiDemo" */;
			buildPhases = (
				4948FA4122505D5F00804935 /* Sources */,
				4948FA4222505D5F00804935 /* Frameworks */,
				4948FA4322505D5F00804935 /* Resources */,
			);
			buildRules = (
			);
			dependencies = (
			);
			name = countryApiDemo;
			productName = countryApiDemo;
			productReference = 4948FA4522505D6200804935 /* countryApiDemo.app */;
			productType = "com.apple.product-type.application";
		};
/* End PBXNativeTarget section */

/* Begin PBXProject section */
		4948FA3D22505D5C00804935 /* Project object */ = {
			isa = PBXProject;
			attributes = {
				LastSwiftUpdateCheck = 1000;
				LastUpgradeCheck = 1000;
				ORGANIZATIONNAME = MyMac;
				TargetAttributes = {
					4948FA4422505D5F00804935 = {
						CreatedOnToolsVersion = 10.0;
					};
				};
			};
			buildConfigurationList = 4948FA4022505D5C00804935 /* Build configuration list for PBXProject "countryApiDemo" */;
			compatibilityVersion = "Xcode 9.3";
			developmentRegion = en;
			hasScannedForEncodings = 0;
			knownRegions = (
				en,
				Base,
			);
			mainGroup = 4948FA3C22505D5B00804935;
			productRefGroup = 4948FA4622505D6200804935 /* Products */;
			projectDirPath = "";
			projectRoot = "";
			targets = (
				4948FA4422505D5F00804935 /* countryApiDemo */,
			);
		};
/* End PBXProject section */

/* Begin PBXResourcesBuildPhase section */
		4948FA4322505D5F00804935 /* Resources */ = {
			isa = PBXResourcesBuildPhase;
			buildActionMask = 2147483647;
			files = (
				4948FA5622505D9600804935 /* LaunchScreen.storyboard in Resources */,
				4948FA5322505D9500804935 /* Assets.xcassets in Resources */,
				4948FA4E22505D6400804935 /* Main.storyboard in Resources */,
			);
			runOnlyForDeploymentPostprocessing = 0;
		};
/* End PBXResourcesBuildPhase section */

/* Begin PBXSourcesBuildPhase section */
		4948FA4122505D5F00804935 /* Sources */ = {
			isa = PBXSourcesBuildPhase;
			buildActionMask = 2147483647;
			files = (
				4948FA5122505D6500804935 /* countryApiDemo.xcdatamodeld in Sources */,
				491327442250743500BF13CE /* MyTableViewCell.swift in Sources */,
				4948FA4B22505D6300804935 /* ViewController.swift in Sources */,
				491327482250CFCF00BF13CE /* DetailsCountry.swift in Sources */,
				4948FA4922505D6300804935 /* AppDelegate.swift in Sources */,
				491327462250813200BF13CE /* JsonArray.swift in Sources */,
			);
			runOnlyForDeploymentPostprocessing = 0;
		};
/* End PBXSourcesBuildPhase section */

/* Begin PBXVariantGroup section */
		4948FA4C22505D6400804935 /* Main.storyboard */ = {
			isa = PBXVariantGroup;
			children = (
				4948FA4D22505D6400804935 /* Base */,
			);
			name = Main.storyboard;
			sourceTree = "<group>";
		};
		4948FA5422505D9600804935 /* LaunchScreen.storyboard */ = {
			isa = PBXVariantGroup;
			children = (
				4948FA5522505D9600804935 /* Base */,
			);
			name = LaunchScreen.storyboard;
			sourceTree = "<group>";
		};
/* End PBXVariantGroup section */

/* Begin XCBuildConfiguration section */
		4948FA5822505D9600804935 /* Debug */ = {
			isa = XCBuildConfiguration;
			buildSettings = {
				ALWAYS_SEARCH_USER_PATHS = NO;
				CLANG_ANALYZER_NONNULL = YES;
				CLANG_ANALYZER_NUMBER_OBJECT_CONVERSION = YES_AGGRESSIVE;
				CLANG_CXX_LANGUAGE_STANDARD = "gnu++14";
				CLANG_CXX_LIBRARY = "libc++";
				CLANG_ENABLE_MODULES = YES;
				CLANG_ENABLE_OBJC_ARC = YES;
				CLANG_ENABLE_OBJC_WEAK = YES;
				CLANG_WARN_BLOCK_CAPTURE_AUTORELEASING = YES;
				CLANG_WARN_BOOL_CONVERSION = YES;
				CLANG_WARN_COMMA = YES;
				CLANG_WARN_CONSTANT_CONVERSION = YES;
				CLANG_WARN_DEPRECATED_OBJC_IMPLEMENTATIONS = YES;
				CLANG_WARN_DIRECT_OBJC_ISA_USAGE = YES_ERROR;
				CLANG_WARN_DOCUMENTATION_COMMENTS = YES;
				CLANG_WARN_EMPTY_BODY = YES;
				CLANG_WARN_ENUM_CONVERSION = YES;
				CLANG_WARN_INFINITE_RECURSION = YES;
				CLANG_WARN_INT_CONVERSION = YES;
				CLANG_WARN_NON_LITERAL_NULL_CONVERSION = YES;
				CLANG_WARN_OBJC_IMPLICIT_RETAIN_SELF = YES;
				CLANG_WARN_OBJC_LITERAL_CONVERSION = YES;
				CLANG_WARN_OBJC_ROOT_CLASS = YES_ERROR;
				CLANG_WARN_RANGE_LOOP_ANALYSIS = YES;
				CLANG_WARN_STRICT_PROTOTYPES = YES;
				CLANG_WARN_SUSPICIOUS_MOVE = YES;
				CLANG_WARN_UNGUARDED_AVAILABILITY = YES_AGGRESSIVE;
				CLANG_WARN_UNREACHABLE_CODE = YES;
				CLANG_WARN__DUPLICATE_METHOD_MATCH = YES;
				CODE_SIGN_IDENTITY = "iPhone Developer";
				COPY_PHASE_STRIP = NO;
				DEBUG_INFORMATION_FORMAT = dwarf;
				ENABLE_STRICT_OBJC_MSGSEND = YES;
				ENABLE_TESTABILITY = YES;
				GCC_C_LANGUAGE_STANDARD = gnu11;
				GCC_DYNAMIC_NO_PIC = NO;
				GCC_NO_COMMON_BLOCKS = YES;
				GCC_OPTIMIZATION_LEVEL = 0;
				GCC_PREPROCESSOR_DEFINITIONS = (
					"DEBUG=1",
					"$(inherited)",
				);
				GCC_WARN_64_TO_32_BIT_CONVERSION = YES;
				GCC_WARN_ABOUT_RETURN_TYPE = YES_ERROR;
				GCC_WARN_UNDECLARED_SELECTOR = YES;
				GCC_WARN_UNINITIALIZED_AUTOS = YES_AGGRESSIVE;
				GCC_WARN_UNUSED_FUNCTION = YES;
				GCC_WARN_UNUSED_VARIABLE = YES;
				IPHONEOS_DEPLOYMENT_TARGET = 12.0;
				MTL_ENABLE_DEBUG_INFO = INCLUDE_SOURCE;
				MTL_FAST_MATH = YES;
				ONLY_ACTIVE_ARCH = YES;
				SDKROOT = iphoneos;
				SWIFT_ACTIVE_COMPILATION_CONDITIONS = DEBUG;
				SWIFT_OPTIMIZATION_LEVEL = "-Onone";
			};
			name = Debug;
		};
		4948FA5922505D9600804935 /* Release */ = {
			isa = XCBuildConfiguration;
			buildSettings = {
				ALWAYS_SEARCH_USER_PATHS = NO;
				CLANG_ANALYZER_NONNULL = YES;
				CLANG_ANALYZER_NUMBER_OBJECT_CONVERSION = YES_AGGRESSIVE;
				CLANG_CXX_LANGUAGE_STANDARD = "gnu++14";
				CLANG_CXX_LIBRARY = "libc++";
				CLANG_ENABLE_MODULES = YES;
				CLANG_ENABLE_OBJC_ARC = YES;
				CLANG_ENABLE_OBJC_WEAK = YES;
				CLANG_WARN_BLOCK_CAPTURE_AUTORELEASING = YES;
				CLANG_WARN_BOOL_CONVERSION = YES;
				CLANG_WARN_COMMA = YES;
				CLANG_WARN_CONSTANT_CONVERSION = YES;
				CLANG_WARN_DEPRECATED_OBJC_IMPLEMENTATIONS = YES;
				CLANG_WARN_DIRECT_OBJC_ISA_USAGE = YES_ERROR;
				CLANG_WARN_DOCUMENTATION_COMMENTS = YES;
				CLANG_WARN_EMPTY_BODY = YES;
				CLANG_WARN_ENUM_CONVERSION = YES;
				CLANG_WARN_INFINITE_RECURSION = YES;
				CLANG_WARN_INT_CONVERSION = YES;
				CLANG_WARN_NON_LITERAL_NULL_CONVERSION = YES;
				CLANG_WARN_OBJC_IMPLICIT_RETAIN_SELF = YES;
				CLANG_WARN_OBJC_LITERAL_CONVERSION = YES;
				CLANG_WARN_OBJC_ROOT_CLASS = YES_ERROR;
				CLANG_WARN_RANGE_LOOP_ANALYSIS = YES;
				CLANG_WARN_STRICT_PROTOTYPES = YES;
				CLANG_WARN_SUSPICIOUS_MOVE = YES;
				CLANG_WARN_UNGUARDED_AVAILABILITY = YES_AGGRESSIVE;
				CLANG_WARN_UNREACHABLE_CODE = YES;
				CLANG_WARN__DUPLICATE_METHOD_MATCH = YES;
				CODE_SIGN_IDENTITY = "iPhone Developer";
				COPY_PHASE_STRIP = NO;
				DEBUG_INFORMATION_FORMAT = "dwarf-with-dsym";
				ENABLE_NS_ASSERTIONS = NO;
				ENABLE_STRICT_OBJC_MSGSEND = YES;
				GCC_C_LANGUAGE_STANDARD = gnu11;
				GCC_NO_COMMON_BLOCKS = YES;
				GCC_WARN_64_TO_32_BIT_CONVERSION = YES;
				GCC_WARN_ABOUT_RETURN_TYPE = YES_ERROR;
				GCC_WARN_UNDECLARED_SELECTOR = YES;
				GCC_WARN_UNINITIALIZED_AUTOS = YES_AGGRESSIVE;
				GCC_WARN_UNUSED_FUNCTION = YES;
				GCC_WARN_UNUSED_VARIABLE = YES;
				IPHONEOS_DEPLOYMENT_TARGET = 12.0;
				MTL_ENABLE_DEBUG_INFO = NO;
				MTL_FAST_MATH = YES;
				SDKROOT = iphoneos;
				SWIFT_COMPILATION_MODE = wholemodule;
				SWIFT_OPTIMIZATION_LEVEL = "-O";
				VALIDATE_PRODUCT = YES;
			};
			name = Release;
		};
		4948FA5B22505D9600804935 /* Debug */ = {
			isa = XCBuildConfiguration;
			buildSettings = {
				ASSETCATALOG_COMPILER_APPICON_NAME = AppIcon;
				CODE_SIGN_STYLE = Automatic;
				INFOPLIST_FILE = countryApiDemo/Info.plist;
				LD_RUNPATH_SEARCH_PATHS = (
					"$(inherited)",
					"@executable_path/Frameworks",
				);
				PRODUCT_BUNDLE_IDENTIFIER = com.mymac.countryApiDemo;
				PRODUCT_NAME = "$(TARGET_NAME)";
				SWIFT_VERSION = 4.2;
				TARGETED_DEVICE_FAMILY = "1,2";
			};
			name = Debug;
		};
		4948FA5C22505D9600804935 /* Release */ = {
			isa = XCBuildConfiguration;
			buildSettings = {
				ASSETCATALOG_COMPILER_APPICON_NAME = AppIcon;
				CODE_SIGN_STYLE = Automatic;
				INFOPLIST_FILE = countryApiDemo/Info.plist;
				LD_RUNPATH_SEARCH_PATHS = (
					"$(inherited)",
					"@executable_path/Frameworks",
				);
				PRODUCT_BUNDLE_IDENTIFIER = com.mymac.countryApiDemo;
				PRODUCT_NAME = "$(TARGET_NAME)";
				SWIFT_VERSION = 4.2;
				TARGETED_DEVICE_FAMILY = "1,2";
			};
			name = Release;
		};
/* End XCBuildConfiguration section */

/* Begin XCConfigurationList section */
		4948FA4022505D5C00804935 /* Build configuration list for PBXProject "countryApiDemo" */ = {
			isa = XCConfigurationList;
			buildConfigurations = (
				4948FA5822505D9600804935 /* Debug */,
				4948FA5922505D9600804935 /* Release */,
			);
			defaultConfigurationIsVisible = 0;
			defaultConfigurationName = Release;
		};
		4948FA5A22505D9600804935 /* Build configuration list for PBXNativeTarget "countryApiDemo" */ = {
			isa = XCConfigurationList;
			buildConfigurations = (
				4948FA5B22505D9600804935 /* Debug */,
				4948FA5C22505D9600804935 /* Release */,
			);
			defaultConfigurationIsVisible = 0;
			defaultConfigurationName = Release;
		};
/* End XCConfigurationList section */

/* Begin XCVersionGroup section */
		4948FA4F22505D6400804935 /* countryApiDemo.xcdatamodeld */ = {
			isa = XCVersionGroup;
			children = (
				4948FA5022505D6400804935 /* countryApiDemo.xcdatamodel */,
			);
			currentVersion = 4948FA5022505D6400804935 /* countryApiDemo.xcdatamodel */;
			path = countryApiDemo.xcdatamodeld;
			sourceTree = "<group>";
			versionGroupType = wrapper.xcdatamodel;
		};
/* End XCVersionGroup section */
	};
	rootObject = 4948FA3D22505D5C00804935 /* Project object */;
}
